// !$*UTF8*$!
{
	archiveVersion = 1;
	classes = {};
	objectVersion = 77;
	objects = {

/* Begin PBXBuildFile section */
		A10000000000000000000011 /* MyChatIOSApp.swift in Sources */ = {isa = PBXBuildFile; fileRef = A10000000000000000000001 /* MyChatIOSApp.swift */; };
		A10000000000000000000012 /* RootView.swift in Sources */ = {isa = PBXBuildFile; fileRef = A10000000000000000000002 /* RootView.swift */; };
		A10000000000000000000013 /* APIClient.swift in Sources */ = {isa = PBXBuildFile; fileRef = A10000000000000000000003 /* APIClient.swift */; };
		A10000000000000000000014 /* Models.swift in Sources */ = {isa = PBXBuildFile; fileRef = A10000000000000000000004 /* Models.swift */; };
		A10000000000000000000015 /* KeychainStore.swift in Sources */ = {isa = PBXBuildFile; fileRef = A10000000000000000000005 /* KeychainStore.swift */; };
		A10000000000000000000016 /* AppConfig.swift in Sources */ = {isa = PBXBuildFile; fileRef = A10000000000000000000006 /* AppConfig.swift */; };
		A10000000000000000000017 /* SpeechInput.swift in Sources */ = {isa = PBXBuildFile; fileRef = A1000000000000000000000B /* SpeechInput.swift */; };
		A10000000000000000000019 /* RichMessageView.swift in Sources */ = {isa = PBXBuildFile; fileRef = A1000000000000000000000D /* RichMessageView.swift */; };
		A1000000000000000000001A /* WebAssets in Resources */ = {isa = PBXBuildFile; fileRef = A1000000000000000000000E /* WebAssets */; };
/* End PBXBuildFile section */

/* Begin PBXFileReference section */
		A10000000000000000000001 /* MyChatIOSApp.swift */ = {isa = PBXFileReference; lastKnownFileType = sourcecode.swift; path = MyChatIOSApp.swift; sourceTree = "<group>"; };
		A10000000000000000000002 /* RootView.swift */ = {isa = PBXFileReference; lastKnownFileType = sourcecode.swift; path = RootView.swift; sourceTree = "<group>"; };
		A10000000000000000000003 /* APIClient.swift */ = {isa = PBXFileReference; lastKnownFileType = sourcecode.swift; path = APIClient.swift; sourceTree = "<group>"; };
		A10000000000000000000004 /* Models.swift */ = {isa = PBXFileReference; lastKnownFileType = sourcecode.swift; path = Models.swift; sourceTree = "<group>"; };
		A10000000000000000000005 /* KeychainStore.swift */ = {isa = PBXFileReference; lastKnownFileType = sourcecode.swift; path = KeychainStore.swift; sourceTree = "<group>"; };
		A10000000000000000000006 /* AppConfig.swift */ = {isa = PBXFileReference; lastKnownFileType = sourcecode.swift; path = AppConfig.swift; sourceTree = "<group>"; };
		A1000000000000000000000A /* Info.plist */ = {isa = PBXFileReference; lastKnownFileType = text.plist.xml; path = Info.plist; sourceTree = "<group>"; };
		A1000000000000000000000B /* SpeechInput.swift */ = {isa = PBXFileReference; lastKnownFileType = sourcecode.swift; path = SpeechInput.swift; sourceTree = "<group>"; };
		A1000000000000000000000D /* RichMessageView.swift */ = {isa = PBXFileReference; lastKnownFileType = sourcecode.swift; path = RichMessageView.swift; sourceTree = "<group>"; };
		A1000000000000000000000E /* WebAssets */ = {isa = PBXFileReference; explicitFileType = folder; path = WebAssets; sourceTree = "<group>"; };
		A10000000000000000000007 /* MyChatIOS.app */ = {isa = PBXFileReference; explicitFileType = wrapper.application; path = MyChatIOS.app; sourceTree = BUILT_PRODUCTS_DIR; };
		A10000000000000000000008 /* Debug.xcconfig */ = {isa = PBXFileReference; lastKnownFileType = text.xcconfig; path = Debug.xcconfig; sourceTree = "<group>"; };
		A10000000000000000000009 /* Release.xcconfig */ = {isa = PBXFileReference; lastKnownFileType = text.xcconfig; path = Release.xcconfig; sourceTree = "<group>"; };
/* End PBXFileReference section */

/* Begin PBXFrameworksBuildPhase section */
		A10000000000000000000021 /* Frameworks */ = {isa = PBXFrameworksBuildPhase; buildActionMask = 2147483647; files = (); runOnlyForDeploymentPostprocessing = 0; };
/* End PBXFrameworksBuildPhase section */

/* Begin PBXGroup section */
		A10000000000000000000031 = {isa = PBXGroup; children = (A10000000000000000000032 /* MyChatIOS */, A10000000000000000000033 /* Products */, A10000000000000000000034 /* Configuration */); sourceTree = "<group>"; };
		A10000000000000000000032 /* MyChatIOS */ = {isa = PBXGroup; children = (A10000000000000000000001 /* MyChatIOSApp.swift */, A10000000000000000000002 /* RootView.swift */, A1000000000000000000000D /* RichMessageView.swift */, A10000000000000000000003 /* APIClient.swift */, A10000000000000000000004 /* Models.swift */, A10000000000000000000005 /* KeychainStore.swift */, A10000000000000000000006 /* AppConfig.swift */, A1000000000000000000000B /* SpeechInput.swift */, A1000000000000000000000E /* WebAssets */, A1000000000000000000000A /* Info.plist */); path = MyChatIOS; sourceTree = "<group>"; };
		A10000000000000000000033 /* Products */ = {isa = PBXGroup; children = (A10000000000000000000007 /* MyChatIOS.app */); name = Products; sourceTree = "<group>"; };
		A10000000000000000000034 /* Configuration */ = {isa = PBXGroup; children = (A10000000000000000000008 /* Debug.xcconfig */, A10000000000000000000009 /* Release.xcconfig */); path = Configuration; sourceTree = "<group>"; };
/* End PBXGroup section */

/* Begin PBXNativeTarget section */
		A10000000000000000000041 /* MyChatIOS */ = {isa = PBXNativeTarget; buildConfigurationList = A10000000000000000000042 /* Build configuration list for PBXNativeTarget "MyChatIOS" */; buildPhases = (A10000000000000000000020 /* Sources */, A10000000000000000000021 /* Frameworks */, A10000000000000000000022 /* Resources */); buildRules = (); dependencies = (); name = MyChatIOS; productName = MyChatIOS; productReference = A10000000000000000000007 /* MyChatIOS.app */; productType = "com.apple.product-type.application"; };
/* End PBXNativeTarget section */

/* Begin PBXProject section */
		A10000000000000000000051 /* Project object */ = {isa = PBXProject; attributes = { LastUpgradeCheck = 2600; TargetAttributes = { A10000000000000000000041 = { CreatedOnToolsVersion = 26.0; }; }; }; buildConfigurationList = A10000000000000000000052 /* Build configuration list for PBXProject "MyChatIOS" */; compatibilityVersion = "Xcode 16.0"; developmentRegion = en; hasScannedForEncodings = 0; knownRegions = (en, Base); mainGroup = A10000000000000000000031; productRefGroup = A10000000000000000000033 /* Products */; projectDirPath = ""; projectRoot = ""; targets = (A10000000000000000000041 /* MyChatIOS */); };
/* End PBXProject section */

/* Begin PBXResourcesBuildPhase section */
		A10000000000000000000022 /* Resources */ = {isa = PBXResourcesBuildPhase; buildActionMask = 2147483647; files = (A1000000000000000000001A /* WebAssets in Resources */); runOnlyForDeploymentPostprocessing = 0; };
/* End PBXResourcesBuildPhase section */

/* Begin PBXSourcesBuildPhase section */
		A10000000000000000000020 /* Sources */ = {isa = PBXSourcesBuildPhase; buildActionMask = 2147483647; files = (A10000000000000000000011 /* MyChatIOSApp.swift in Sources */, A10000000000000000000012 /* RootView.swift in Sources */, A10000000000000000000019 /* RichMessageView.swift in Sources */, A10000000000000000000013 /* APIClient.swift in Sources */, A10000000000000000000014 /* Models.swift in Sources */, A10000000000000000000015 /* KeychainStore.swift in Sources */, A10000000000000000000016 /* AppConfig.swift in Sources */, A10000000000000000000017 /* SpeechInput.swift in Sources */); runOnlyForDeploymentPostprocessing = 0; };
/* End PBXSourcesBuildPhase section */

/* Begin XCBuildConfiguration section */
		A10000000000000000000061 /* Debug */ = {isa = XCBuildConfiguration; baseConfigurationReference = A10000000000000000000008 /* Debug.xcconfig */; buildSettings = { ASSETCATALOG_COMPILER_APPICON_NAME = AppIcon; CLANG_ENABLE_MODULES = YES; CODE_SIGN_STYLE = Automatic; CURRENT_PROJECT_VERSION = 5; DEVELOPMENT_TEAM = WV9FN846UP; GENERATE_INFOPLIST_FILE = NO; INFOPLIST_FILE = MyChatIOS/Info.plist; IPHONEOS_DEPLOYMENT_TARGET = 17.0; MARKETING_VERSION = 1.1; PRODUCT_BUNDLE_IDENTIFIER = com.mychat.ios; PRODUCT_NAME = MyChatIOS; SDKROOT = iphoneos; SUPPORTED_PLATFORMS = "iphoneos iphonesimulator"; SWIFT_VERSION = 5.0; TARGETED_DEVICE_FAMILY = 1; }; name = Debug; };
		A10000000000000000000062 /* Release */ = {isa = XCBuildConfiguration; baseConfigurationReference = A10000000000000000000009 /* Release.xcconfig */; buildSettings = { ASSETCATALOG_COMPILER_APPICON_NAME = AppIcon; CLANG_ENABLE_MODULES = YES; CODE_SIGN_STYLE = Automatic; CURRENT_PROJECT_VERSION = 5; DEVELOPMENT_TEAM = WV9FN846UP; GENERATE_INFOPLIST_FILE = NO; INFOPLIST_FILE = MyChatIOS/Info.plist; IPHONEOS_DEPLOYMENT_TARGET = 17.0; MARKETING_VERSION = 1.1; PRODUCT_BUNDLE_IDENTIFIER = com.mychat.ios; PRODUCT_NAME = MyChatIOS; SDKROOT = iphoneos; SUPPORTED_PLATFORMS = "iphoneos iphonesimulator"; SWIFT_VERSION = 5.0; TARGETED_DEVICE_FAMILY = 1; }; name = Release; };
		A10000000000000000000063 /* Debug */ = {isa = XCBuildConfiguration; buildSettings = { CLANG_CXX_LANGUAGE_STANDARD = "gnu++20"; }; name = Debug; };
		A10000000000000000000064 /* Release */ = {isa = XCBuildConfiguration; buildSettings = { CLANG_CXX_LANGUAGE_STANDARD = "gnu++20"; }; name = Release; };
/* End XCBuildConfiguration section */

/* Begin XCConfigurationList section */
		A10000000000000000000042 /* Build configuration list for PBXNativeTarget "MyChatIOS" */ = {isa = XCConfigurationList; buildConfigurations = (A10000000000000000000061 /* Debug */, A10000000000000000000062 /* Release */); defaultConfigurationIsVisible = 0; defaultConfigurationName = Release; };
		A10000000000000000000052 /* Build configuration list for PBXProject "MyChatIOS" */ = {isa = XCConfigurationList; buildConfigurations = (A10000000000000000000063 /* Debug */, A10000000000000000000064 /* Release */); defaultConfigurationIsVisible = 0; defaultConfigurationName = Release; };
/* End XCConfigurationList section */
	};
	rootObject = A10000000000000000000051 /* Project object */;
}
